
Microsoft Visual Studio Solution File, Format Version 12.00
# Visual Studio 15
VisualStudioVersion = 15.0.28307.168
MinimumVisualStudioVersion = 10.0.40219.1
Project("{9A19103F-16F7-4668-BE54-9A1E7A4F7556}") = "SampleApi", "SampleApi\SampleApi.csproj", "{ABD429FA-2F0D-4EB5-9AC4-2B4554928CF8}"
EndProject
Project("{2150E333-8FDC-42A3-9474-1A3956D46DE8}") = "Misc", "Misc", "{F7A17D5D-1CF1-46BC-BEA3-C9366A4EC7E2}"
	ProjectSection(SolutionItems) = preProject
		README.md = README.md
		schema.sql = schema.sql
	EndProjectSection
EndProject
Project("{9A19103F-16F7-4668-BE54-9A1E7A4F7556}") = "SampleApi.Tests", "SampleApi.Tests\SampleApi.Tests.csproj", "{8F604667-17C7-4905-9EDE-80FABCCD30EA}"
EndProject
Global
	GlobalSection(SolutionConfigurationPlatforms) = preSolution
		Debug|Any CPU = Debug|Any CPU
		Release|Any CPU = Release|Any CPU
	EndGlobalSection
	GlobalSection(ProjectConfigurationPlatforms) = postSolution
		{ABD429FA-2F0D-4EB5-9AC4-2B4554928CF8}.Debug|Any CPU.ActiveCfg = Debug|Any CPU
		{ABD429FA-2F0D-4EB5-9AC4-2B4554928CF8}.Debug|Any CPU.Build.0 = Debug|Any CPU
		{ABD429FA-2F0D-4EB5-9AC4-2B4554928CF8}.Release|Any CPU.ActiveCfg = Release|Any CPU
		{ABD429FA-2F0D-4EB5-9AC4-2B4554928CF8}.Release|Any CPU.Build.0 = Release|Any CPU
		{8F604667-17C7-4905-9EDE-80FABCCD30EA}.Debug|Any CPU.ActiveCfg = Debug|Any CPU
		{8F604667-17C7-4905-9EDE-80FABCCD30EA}.Debug|Any CPU.Build.0 = Debug|Any CPU
		{8F604667-17C7-4905-9EDE-80FABCCD30EA}.Release|Any CPU.ActiveCfg = Release|Any CPU
		{8F604667-17C7-4905-9EDE-80FABCCD30EA}.Release|Any CPU.Build.0 = Release|Any CPU
	EndGlobalSection
	GlobalSection(SolutionProperties) = preSolution
		HideSolutionNode = FALSE
	EndGlobalSection
	GlobalSection(ExtensibilityGlobals) = postSolution
		SolutionGuid = {721207DB-6875-49D9-AC33-A1414CF11C75}
	EndGlobalSection
EndGlobal
